
Microsoft Visual Studio Solution File, Format Version 12.00
# Visual Studio 14
VisualStudioVersion = 14.0.25123.0
MinimumVisualStudioVersion = 10.0.40219.1
Project("{FAE04EC0-301F-11D3-BF4B-00C04F79EFBC}") = "WindowsFormSoulution", "WindowsFormSoulution\WindowsFormSoulution.csproj", "{B4A8603C-1CD0-4273-8656-658F50C1A57A}"
EndProject
Project("{FAE04EC0-301F-11D3-BF4B-00C04F79EFBC}") = "SimpleCalculator01", "SimpleCalculator01\SimpleCalculator01.csproj", "{03D9E1F6-3DFA-4D8A-A46B-ADCDEF2272E1}"
EndProject
Project("{FAE04EC0-301F-11D3-BF4B-00C04F79EFBC}") = "SimpleCalculatior02", "SimpleCalculatior02\SimpleCalculatior02.csproj", "{7E4DE29F-C02F-4761-BA58-16DBCEC250F6}"
EndProject
Project("{FAE04EC0-301F-11D3-BF4B-00C04F79EFBC}") = "SimpleCalculator03", "SimpleCalculator03\SimpleCalculator03.csproj", "{880F9E5D-066E-45DA-9D38-E1F91D3A797D}"
EndProject
Global
	GlobalSection(SolutionConfigurationPlatforms) = preSolution
		Debug|Any CPU = Debug|Any CPU
		Release|Any CPU = Release|Any CPU
	EndGlobalSection
	GlobalSection(ProjectConfigurationPlatforms) = postSolution
		{B4A8603C-1CD0-4273-8656-658F50C1A57A}.Debug|Any CPU.ActiveCfg = Debug|Any CPU
		{B4A8603C-1CD0-4273-8656-658F50C1A57A}.Debug|Any CPU.Build.0 = Debug|Any CPU
		{B4A8603C-1CD0-4273-8656-658F50C1A57A}.Release|Any CPU.ActiveCfg = Release|Any CPU
		{B4A8603C-1CD0-4273-8656-658F50C1A57A}.Release|Any CPU.Build.0 = Release|Any CPU
		{03D9E1F6-3DFA-4D8A-A46B-ADCDEF2272E1}.Debug|Any CPU.ActiveCfg = Debug|Any CPU
		{03D9E1F6-3DFA-4D8A-A46B-ADCDEF2272E1}.Debug|Any CPU.Build.0 = Debug|Any CPU
		{03D9E1F6-3DFA-4D8A-A46B-ADCDEF2272E1}.Release|Any CPU.ActiveCfg = Release|Any CPU
		{03D9E1F6-3DFA-4D8A-A46B-ADCDEF2272E1}.Release|Any CPU.Build.0 = Release|Any CPU
		{7E4DE29F-C02F-4761-BA58-16DBCEC250F6}.Debug|Any CPU.ActiveCfg = Debug|Any CPU
		{7E4DE29F-C02F-4761-BA58-16DBCEC250F6}.Debug|Any CPU.Build.0 = Debug|Any CPU
		{7E4DE29F-C02F-4761-BA58-16DBCEC250F6}.Release|Any CPU.ActiveCfg = Release|Any CPU
		{7E4DE29F-C02F-4761-BA58-16DBCEC250F6}.Release|Any CPU.Build.0 = Release|Any CPU
		{880F9E5D-066E-45DA-9D38-E1F91D3A797D}.Debug|Any CPU.ActiveCfg = Debug|Any CPU
		{880F9E5D-066E-45DA-9D38-E1F91D3A797D}.Debug|Any CPU.Build.0 = Debug|Any CPU
		{880F9E5D-066E-45DA-9D38-E1F91D3A797D}.Release|Any CPU.ActiveCfg = Release|Any CPU
		{880F9E5D-066E-45DA-9D38-E1F91D3A797D}.Release|Any CPU.Build.0 = Release|Any CPU
	EndGlobalSection
	GlobalSection(SolutionProperties) = preSolution
		HideSolutionNode = FALSE
	EndGlobalSection
EndGlobal
